{
  "nodes": {
    "flake-parts": {
      "inputs": {
        "nixpkgs-lib": [
          "nur",
          "nixpkgs"
        ]
      },
      "locked": {
        "lastModified": 1733312601,
        "narHash": "sha256-4pDvzqnegAfRkPwO3wmwBhVi/Sye1mzps0zHWYnP88c=",
        "owner": "hercules-ci",
        "repo": "flake-parts",
        "rev": "205b12d8b7cd4802fbcb8e8ef6a0f1408781a4f9",
        "type": "github"
      },
      "original": {
        "owner": "hercules-ci",
        "repo": "flake-parts",
        "type": "github"
      }
    },
    "git-coverage": {
      "inputs": {
        "nixpkgs": [
          "nixpkgs"
        ]
      },
      "locked": {
        "lastModified": 1755256600,
        "narHash": "sha256-LtuXwKGidjsQURsVgrp7tOYCnXM7MvzWwRgRkbuXbrs=",
        "owner": "zimeg",
        "repo": "git-coverage",
        "rev": "13e5d280774b3270ecc6909c4c764719e6e6e116",
        "type": "github"
      },
      "original": {
        "owner": "zimeg",
        "repo": "git-coverage",
        "type": "github"
      }
    },
    "home-manager": {
      "inputs": {
        "nixpkgs": [
          "nixpkgs"
        ]
      },
      "locked": {
        "lastModified": 1755229570,
        "narHash": "sha256-soZegto0xXzG2zYlu/zjknDHv0Z7tRS5EQs+Z/VRTBg=",
        "owner": "nix-community",
        "repo": "home-manager",
        "rev": "11626a4383b458f8dc5ea3237eaa04e8ab1912f3",
        "type": "github"
      },
      "original": {
        "owner": "nix-community",
        "repo": "home-manager",
        "type": "github"
      }
    },
    "impermanence": {
      "locked": {
        "lastModified": 1737831083,
        "narHash": "sha256-LJggUHbpyeDvNagTUrdhe/pRVp4pnS6wVKALS782gRI=",
        "owner": "nix-community",
        "repo": "impermanence",
        "rev": "4b3e914cdf97a5b536a889e939fb2fd2b043a170",
        "type": "github"
      },
      "original": {
        "owner": "nix-community",
        "repo": "impermanence",
        "type": "github"
      }
    },
    "newsflash-nvim": {
      "inputs": {
        "nixpkgs": [
          "nixpkgs"
        ]
      },
      "locked": {
        "lastModified": 1755288691,
        "narHash": "sha256-xdw2iYX0/uoPgEI+LQRaJJmy9BOvRNxQKT9CPgT/VUM=",
        "owner": "zimeg",
        "repo": "newsflash.nvim",
        "rev": "1fa5fdc71dae2485fc314dc5d41a6fa5063f433c",
        "type": "github"
      },
      "original": {
        "owner": "zimeg",
        "repo": "newsflash.nvim",
        "type": "github"
      }
    },
    "nix-darwin": {
      "inputs": {
        "nixpkgs": [
          "nixpkgs"
        ]
      },
      "locked": {
        "lastModified": 1755275010,
        "narHash": "sha256-lEApCoWUEWh0Ifc3k1JdVjpMtFFXeL2gG1qvBnoRc2I=",
        "owner": "LnL7",
        "repo": "nix-darwin",
        "rev": "7220b01d679e93ede8d7b25d6f392855b81dd475",
        "type": "github"
      },
      "original": {
        "owner": "LnL7",
        "repo": "nix-darwin",
        "type": "github"
      }
    },
    "nixpkgs": {
      "locked": {
        "lastModified": 1755186698,
        "narHash": "sha256-wNO3+Ks2jZJ4nTHMuks+cxAiVBGNuEBXsT29Bz6HASo=",
        "owner": "NixOS",
        "repo": "nixpkgs",
        "rev": "fbcf476f790d8a217c3eab4e12033dc4a0f6d23c",
        "type": "github"
      },
      "original": {
        "owner": "NixOS",
        "ref": "nixos-unstable",
        "repo": "nixpkgs",
        "type": "github"
      }
    },
    "nur": {
      "inputs": {
        "flake-parts": "flake-parts",
        "nixpkgs": [
          "nixpkgs"
        ]
      },
      "locked": {
        "lastModified": 1755288894,
        "narHash": "sha256-p/3EsZDAcZ53h7fH931xGJzDTSj78MZbA71pa+b5tD4=",
        "owner": "nix-community",
        "repo": "NUR",
        "rev": "4c2e66a2d7430c73c5280672b7826b709e0dff02",
        "type": "github"
      },
      "original": {
        "owner": "nix-community",
        "repo": "NUR",
        "type": "github"
      }
    },
    "proximity-nvim": {
      "inputs": {
        "nixpkgs": [
          "nixpkgs"
        ]
      },
      "locked": {
        "lastModified": 1755286046,
        "narHash": "sha256-mJ2/6BsZ2gkqI3HQcw2O+eucsuKqBmwdX/Hb4X09Df4=",
        "owner": "zimeg",
        "repo": "proximity.nvim",
        "rev": "1ec8da3cc695a40edcb38aeba819d92400007e8d",
        "type": "github"
      },
      "original": {
        "owner": "zimeg",
        "repo": "proximity.nvim",
        "type": "github"
      }
    },
    "root": {
      "inputs": {
        "git-coverage": "git-coverage",
        "home-manager": "home-manager",
        "impermanence": "impermanence",
        "newsflash-nvim": "newsflash-nvim",
        "nix-darwin": "nix-darwin",
        "nixpkgs": "nixpkgs",
        "nur": "nur",
        "proximity-nvim": "proximity-nvim",
        "sops-nix": "sops-nix"
      }
    },
    "sops-nix": {
      "inputs": {
        "nixpkgs": [
          "nixpkgs"
        ]
      },
      "locked": {
        "lastModified": 1754988908,
        "narHash": "sha256-t+voe2961vCgrzPFtZxha0/kmFSHFobzF00sT8p9h0U=",
        "owner": "Mic92",
        "repo": "sops-nix",
        "rev": "3223c7a92724b5d804e9988c6b447a0d09017d48",
        "type": "github"
      },
      "original": {
        "owner": "Mic92",
        "repo": "sops-nix",
        "type": "github"
      }
    }
  },
  "root": "root",
  "version": 7
}
