{
  "nodes": {
    "flake-parts": {
      "inputs": {
        "nixpkgs-lib": [
          "nur",
          "nixpkgs"
        ]
      },
      "locked": {
        "lastModified": 1733312601,
        "narHash": "sha256-4pDvzqnegAfRkPwO3wmwBhVi/Sye1mzps0zHWYnP88c=",
        "owner": "hercules-ci",
        "repo": "flake-parts",
        "rev": "205b12d8b7cd4802fbcb8e8ef6a0f1408781a4f9",
        "type": "github"
      },
      "original": {
        "owner": "hercules-ci",
        "repo": "flake-parts",
        "type": "github"
      }
    },
    "home-manager": {
      "inputs": {
        "nixpkgs": [
          "nixpkgs"
        ]
      },
      "locked": {
        "lastModified": 1733484277,
        "narHash": "sha256-i5ay20XsvpW91N4URET/nOc0VQWOAd4c4vbqYtcH8Rc=",
        "owner": "nix-community",
        "repo": "home-manager",
        "rev": "d00c6f6d0ad16d598bf7e2956f52c1d9d5de3c3a",
        "type": "github"
      },
      "original": {
        "owner": "nix-community",
        "repo": "home-manager",
        "type": "github"
      }
    },
    "nix-darwin": {
      "inputs": {
        "nixpkgs": [
          "nixpkgs"
        ]
      },
      "locked": {
        "lastModified": 1733570843,
        "narHash": "sha256-sQJAxY1TYWD1UyibN/FnN97paTFuwBw3Vp3DNCyKsMk=",
        "owner": "LnL7",
        "repo": "nix-darwin",
        "rev": "a35b08d09efda83625bef267eb24347b446c80b8",
        "type": "github"
      },
      "original": {
        "owner": "LnL7",
        "repo": "nix-darwin",
        "type": "github"
      }
    },
    "nixpkgs": {
      "locked": {
        "lastModified": 1733392399,
        "narHash": "sha256-kEsTJTUQfQFIJOcLYFt/RvNxIK653ZkTBIs4DG+cBns=",
        "owner": "NixOS",
        "repo": "nixpkgs",
        "rev": "d0797a04b81caeae77bcff10a9dde78bc17f5661",
        "type": "github"
      },
      "original": {
        "owner": "NixOS",
        "ref": "nixos-unstable",
        "repo": "nixpkgs",
        "type": "github"
      }
    },
    "nixpkgs_2": {
      "locked": {
        "lastModified": 1733212471,
        "narHash": "sha256-M1+uCoV5igihRfcUKrr1riygbe73/dzNnzPsmaLCmpo=",
        "owner": "nixos",
        "repo": "nixpkgs",
        "rev": "55d15ad12a74eb7d4646254e13638ad0c4128776",
        "type": "github"
      },
      "original": {
        "owner": "nixos",
        "ref": "nixos-unstable",
        "repo": "nixpkgs",
        "type": "github"
      }
    },
    "nur": {
      "inputs": {
        "flake-parts": "flake-parts",
        "nixpkgs": "nixpkgs_2",
        "treefmt-nix": "treefmt-nix"
      },
      "locked": {
        "lastModified": 1733554674,
        "narHash": "sha256-YVvIoxhDCGYYDQhEj0+XtiTd4msUjjIXhE98AFenvDI=",
        "owner": "nix-community",
        "repo": "NUR",
        "rev": "9e479b56f56dc09cc23d265c2957e3ed0f2fa7fe",
        "type": "github"
      },
      "original": {
        "owner": "nix-community",
        "repo": "NUR",
        "type": "github"
      }
    },
    "root": {
      "inputs": {
        "home-manager": "home-manager",
        "nix-darwin": "nix-darwin",
        "nixpkgs": "nixpkgs",
        "nur": "nur"
      }
    },
    "treefmt-nix": {
      "inputs": {
        "nixpkgs": [
          "nur",
          "nixpkgs"
        ]
      },
      "locked": {
        "lastModified": 1733222881,
        "narHash": "sha256-JIPcz1PrpXUCbaccEnrcUS8jjEb/1vJbZz5KkobyFdM=",
        "owner": "numtide",
        "repo": "treefmt-nix",
        "rev": "49717b5af6f80172275d47a418c9719a31a78b53",
        "type": "github"
      },
      "original": {
        "owner": "numtide",
        "repo": "treefmt-nix",
        "type": "github"
      }
    }
  },
  "root": "root",
  "version": 7
}
